
Microsoft Visual Studio Solution File, Format Version 12.00
# Visual Studio Version 17
VisualStudioVersion = 17.14.36310.24 d17.14
MinimumVisualStudioVersion = 10.0.40219.1
Project("{FAE04EC0-301F-11D3-BF4B-00C04F79EFBC}") = "SmartHr", "SmartHr\SmartHr.csproj", "{31622FD5-8612-482D-9985-52553551FB48}"
EndProject
Global
	GlobalSection(SolutionConfigurationPlatforms) = preSolution
		Debug|Any CPU = Debug|Any CPU
		Release|Any CPU = Release|Any CPU
	EndGlobalSection
	GlobalSection(ProjectConfigurationPlatforms) = postSolution
		{31622FD5-8612-482D-9985-52553551FB48}.Debug|Any CPU.ActiveCfg = Debug|Any CPU
		{31622FD5-8612-482D-9985-52553551FB48}.Debug|Any CPU.Build.0 = Debug|Any CPU
		{31622FD5-8612-482D-9985-52553551FB48}.Release|Any CPU.ActiveCfg = Release|Any CPU
		{31622FD5-8612-482D-9985-52553551FB48}.Release|Any CPU.Build.0 = Release|Any CPU
	EndGlobalSection
	GlobalSection(SolutionProperties) = preSolution
		HideSolutionNode = FALSE
	EndGlobalSection
	GlobalSection(ExtensibilityGlobals) = postSolution
		SolutionGuid = {49039915-8DB1-40DE-8E9A-C57320E1AE6E}
	EndGlobalSection
EndGlobal
